
Microsoft Visual Studio Solution File, Format Version 12.00
# Visual Studio Version 16
VisualStudioVersion = 16.0.31321.278
MinimumVisualStudioVersion = 10.0.40219.1
Project("{FAE04EC0-301F-11D3-BF4B-00C04F79EFBC}") = "QuanLyNhaHangTTT", "QuanLyNhaHangTTT\QuanLyNhaHangTTT.csproj", "{124089FF-2D63-40EE-8D3C-056A7129CBD0}"
EndProject
Project("{FAE04EC0-301F-11D3-BF4B-00C04F79EFBC}") = "QuanLyNhaHangTTT.Tests", "QuanLyNhaHangTTT.Tests\QuanLyNhaHangTTT.Tests.csproj", "{47411DB7-B130-484F-BDC3-3888183F2AAD}"
EndProject
Global
	GlobalSection(SolutionConfigurationPlatforms) = preSolution
		Debug|Any CPU = Debug|Any CPU
		Release|Any CPU = Release|Any CPU
	EndGlobalSection
	GlobalSection(ProjectConfigurationPlatforms) = postSolution
		{124089FF-2D63-40EE-8D3C-056A7129CBD0}.Debug|Any CPU.ActiveCfg = Debug|Any CPU
		{124089FF-2D63-40EE-8D3C-056A7129CBD0}.Debug|Any CPU.Build.0 = Debug|Any CPU
		{124089FF-2D63-40EE-8D3C-056A7129CBD0}.Release|Any CPU.ActiveCfg = Release|Any CPU
		{124089FF-2D63-40EE-8D3C-056A7129CBD0}.Release|Any CPU.Build.0 = Release|Any CPU
		{47411DB7-B130-484F-BDC3-3888183F2AAD}.Debug|Any CPU.ActiveCfg = Debug|Any CPU
		{47411DB7-B130-484F-BDC3-3888183F2AAD}.Debug|Any CPU.Build.0 = Debug|Any CPU
		{47411DB7-B130-484F-BDC3-3888183F2AAD}.Release|Any CPU.ActiveCfg = Release|Any CPU
		{47411DB7-B130-484F-BDC3-3888183F2AAD}.Release|Any CPU.Build.0 = Release|Any CPU
	EndGlobalSection
	GlobalSection(SolutionProperties) = preSolution
		HideSolutionNode = FALSE
	EndGlobalSection
	GlobalSection(ExtensibilityGlobals) = postSolution
		SolutionGuid = {819C4C32-F5BB-4DA1-ADBA-EAF8AC78FE57}
	EndGlobalSection
EndGlobal
